// !$*UTF8*$!
{
	archiveVersion = 1;
	classes = {
	};
	objectVersion = 50;
	objects = {

/* Begin PBXBuildFile section */
		8781A5D1242326E4001FB465 /* AppDelegate.swift in Sources */ = {isa = PBXBuildFile; fileRef = 8781A5D0242326E4001FB465 /* AppDelegate.swift */; };
		8781A5D3242326E4001FB465 /* SceneDelegate.swift in Sources */ = {isa = PBXBuildFile; fileRef = 8781A5D2242326E4001FB465 /* SceneDelegate.swift */; };
		8781A5DA242326EB001FB465 /* Assets.xcassets in Resources */ = {isa = PBXBuildFile; fileRef = 8781A5D9242326EB001FB465 /* Assets.xcassets */; };
		8781A5DD242326EB001FB465 /* LaunchScreen.storyboard in Resources */ = {isa = PBXBuildFile; fileRef = 8781A5DB242326EB001FB465 /* LaunchScreen.storyboard */; };
		8781A5E5242336A1001FB465 /* SearchVC.swift in Sources */ = {isa = PBXBuildFile; fileRef = 8781A5E4242336A1001FB465 /* SearchVC.swift */; };
		8781A5E724233709001FB465 /* FavoritesVC.swift in Sources */ = {isa = PBXBuildFile; fileRef = 8781A5E624233709001FB465 /* FavoritesVC.swift */; };
		8781A5E92425D265001FB465 /* GFButton.swift in Sources */ = {isa = PBXBuildFile; fileRef = 8781A5E82425D265001FB465 /* GFButton.swift */; };
		8781A5EB2425DB4B001FB465 /* GFTextField.swift in Sources */ = {isa = PBXBuildFile; fileRef = 8781A5EA2425DB4B001FB465 /* GFTextField.swift */; };
		8781A5ED24271537001FB465 /* FollowerListVC.swift in Sources */ = {isa = PBXBuildFile; fileRef = 8781A5EC24271537001FB465 /* FollowerListVC.swift */; };
/* End PBXBuildFile section */

/* Begin PBXFileReference section */
		8781A5CD242326E4001FB465 /* GHFollovers.app */ = {isa = PBXFileReference; explicitFileType = wrapper.application; includeInIndex = 0; path = GHFollovers.app; sourceTree = BUILT_PRODUCTS_DIR; };
		8781A5D0242326E4001FB465 /* AppDelegate.swift */ = {isa = PBXFileReference; lastKnownFileType = sourcecode.swift; path = AppDelegate.swift; sourceTree = "<group>"; };
		8781A5D2242326E4001FB465 /* SceneDelegate.swift */ = {isa = PBXFileReference; lastKnownFileType = sourcecode.swift; path = SceneDelegate.swift; sourceTree = "<group>"; };
		8781A5D9242326EB001FB465 /* Assets.xcassets */ = {isa = PBXFileReference; lastKnownFileType = folder.assetcatalog; path = Assets.xcassets; sourceTree = "<group>"; };
		8781A5DC242326EB001FB465 /* Base */ = {isa = PBXFileReference; lastKnownFileType = file.storyboard; name = Base; path = Base.lproj/LaunchScreen.storyboard; sourceTree = "<group>"; };
		8781A5DE242326EB001FB465 /* Info.plist */ = {isa = PBXFileReference; lastKnownFileType = text.plist.xml; path = Info.plist; sourceTree = "<group>"; };
		8781A5E4242336A1001FB465 /* SearchVC.swift */ = {isa = PBXFileReference; lastKnownFileType = sourcecode.swift; path = SearchVC.swift; sourceTree = "<group>"; };
		8781A5E624233709001FB465 /* FavoritesVC.swift */ = {isa = PBXFileReference; lastKnownFileType = sourcecode.swift; path = FavoritesVC.swift; sourceTree = "<group>"; };
		8781A5E82425D265001FB465 /* GFButton.swift */ = {isa = PBXFileReference; lastKnownFileType = sourcecode.swift; path = GFButton.swift; sourceTree = "<group>"; };
		8781A5EA2425DB4B001FB465 /* GFTextField.swift */ = {isa = PBXFileReference; lastKnownFileType = sourcecode.swift; path = GFTextField.swift; sourceTree = "<group>"; };
		8781A5EC24271537001FB465 /* FollowerListVC.swift */ = {isa = PBXFileReference; lastKnownFileType = sourcecode.swift; path = FollowerListVC.swift; sourceTree = "<group>"; };
/* End PBXFileReference section */

/* Begin PBXFrameworksBuildPhase section */
		8781A5CA242326E4001FB465 /* Frameworks */ = {
			isa = PBXFrameworksBuildPhase;
			buildActionMask = 2147483647;
			files = (
			);
			runOnlyForDeploymentPostprocessing = 0;
		};
/* End PBXFrameworksBuildPhase section */

/* Begin PBXGroup section */
		8781A5C4242326E4001FB465 = {
			isa = PBXGroup;
			children = (
				8781A5CF242326E4001FB465 /* GHFollovers */,
				8781A5CE242326E4001FB465 /* Products */,
			);
			sourceTree = "<group>";
		};
		8781A5CE242326E4001FB465 /* Products */ = {
			isa = PBXGroup;
			children = (
				8781A5CD242326E4001FB465 /* GHFollovers.app */,
			);
			name = Products;
			sourceTree = "<group>";
		};
		8781A5CF242326E4001FB465 /* GHFollovers */ = {
			isa = PBXGroup;
			children = (
				8781A5D0242326E4001FB465 /* AppDelegate.swift */,
				8781A5D2242326E4001FB465 /* SceneDelegate.swift */,
				8781A5E82425D265001FB465 /* GFButton.swift */,
				8781A5EA2425DB4B001FB465 /* GFTextField.swift */,
				8781A5E4242336A1001FB465 /* SearchVC.swift */,
				8781A5E624233709001FB465 /* FavoritesVC.swift */,
				8781A5EC24271537001FB465 /* FollowerListVC.swift */,
				8781A5D9242326EB001FB465 /* Assets.xcassets */,
				8781A5DB242326EB001FB465 /* LaunchScreen.storyboard */,
				8781A5DE242326EB001FB465 /* Info.plist */,
			);
			path = GHFollovers;
			sourceTree = "<group>";
		};
/* End PBXGroup section */

/* Begin PBXNativeTarget section */
		8781A5CC242326E4001FB465 /* GHFollovers */ = {
			isa = PBXNativeTarget;
			buildConfigurationList = 8781A5E1242326EB001FB465 /* Build configuration list for PBXNativeTarget "GHFollovers" */;
			buildPhases = (
				8781A5C9242326E4001FB465 /* Sources */,
				8781A5CA242326E4001FB465 /* Frameworks */,
				8781A5CB242326E4001FB465 /* Resources */,
			);
			buildRules = (
			);
			dependencies = (
			);
			name = GHFollovers;
			productName = GHFollovers;
			productReference = 8781A5CD242326E4001FB465 /* GHFollovers.app */;
			productType = "com.apple.product-type.application";
		};
/* End PBXNativeTarget section */

/* Begin PBXProject section */
		8781A5C5242326E4001FB465 /* Project object */ = {
			isa = PBXProject;
			attributes = {
				LastSwiftUpdateCheck = 1130;
				LastUpgradeCheck = 1130;
				ORGANIZATIONNAME = Djirro;
				TargetAttributes = {
					8781A5CC242326E4001FB465 = {
						CreatedOnToolsVersion = 11.3.1;
					};
				};
			};
			buildConfigurationList = 8781A5C8242326E4001FB465 /* Build configuration list for PBXProject "GHFollovers" */;
			compatibilityVersion = "Xcode 9.3";
			developmentRegion = en;
			hasScannedForEncodings = 0;
			knownRegions = (
				en,
				Base,
			);
			mainGroup = 8781A5C4242326E4001FB465;
			productRefGroup = 8781A5CE242326E4001FB465 /* Products */;
			projectDirPath = "";
			projectRoot = "";
			targets = (
				8781A5CC242326E4001FB465 /* GHFollovers */,
			);
		};
/* End PBXProject section */

/* Begin PBXResourcesBuildPhase section */
		8781A5CB242326E4001FB465 /* Resources */ = {
			isa = PBXResourcesBuildPhase;
			buildActionMask = 2147483647;
			files = (
				8781A5DD242326EB001FB465 /* LaunchScreen.storyboard in Resources */,
				8781A5DA242326EB001FB465 /* Assets.xcassets in Resources */,
			);
			runOnlyForDeploymentPostprocessing = 0;
		};
/* End PBXResourcesBuildPhase section */

/* Begin PBXSourcesBuildPhase section */
		8781A5C9242326E4001FB465 /* Sources */ = {
			isa = PBXSourcesBuildPhase;
			buildActionMask = 2147483647;
			files = (
				8781A5EB2425DB4B001FB465 /* GFTextField.swift in Sources */,
				8781A5E724233709001FB465 /* FavoritesVC.swift in Sources */,
				8781A5E92425D265001FB465 /* GFButton.swift in Sources */,
				8781A5E5242336A1001FB465 /* SearchVC.swift in Sources */,
				8781A5ED24271537001FB465 /* FollowerListVC.swift in Sources */,
				8781A5D1242326E4001FB465 /* AppDelegate.swift in Sources */,
				8781A5D3242326E4001FB465 /* SceneDelegate.swift in Sources */,
			);
			runOnlyForDeploymentPostprocessing = 0;
		};
/* End PBXSourcesBuildPhase section */

/* Begin PBXVariantGroup section */
		8781A5DB242326EB001FB465 /* LaunchScreen.storyboard */ = {
			isa = PBXVariantGroup;
			children = (
				8781A5DC242326EB001FB465 /* Base */,
			);
			name = LaunchScreen.storyboard;
			sourceTree = "<group>";
		};
/* End PBXVariantGroup section */

/* Begin XCBuildConfiguration section */
		8781A5DF242326EB001FB465 /* Debug */ = {
			isa = XCBuildConfiguration;
			buildSettings = {
				ALWAYS_SEARCH_USER_PATHS = NO;
				CLANG_ANALYZER_NONNULL = YES;
				CLANG_ANALYZER_NUMBER_OBJECT_CONVERSION = YES_AGGRESSIVE;
				CLANG_CXX_LANGUAGE_STANDARD = "gnu++14";
				CLANG_CXX_LIBRARY = "libc++";
				CLANG_ENABLE_MODULES = YES;
				CLANG_ENABLE_OBJC_ARC = YES;
				CLANG_ENABLE_OBJC_WEAK = YES;
				CLANG_WARN_BLOCK_CAPTURE_AUTORELEASING = YES;
				CLANG_WARN_BOOL_CONVERSION = YES;
				CLANG_WARN_COMMA = YES;
				CLANG_WARN_CONSTANT_CONVERSION = YES;
				CLANG_WARN_DEPRECATED_OBJC_IMPLEMENTATIONS = YES;
				CLANG_WARN_DIRECT_OBJC_ISA_USAGE = YES_ERROR;
				CLANG_WARN_DOCUMENTATION_COMMENTS = YES;
				CLANG_WARN_EMPTY_BODY = YES;
				CLANG_WARN_ENUM_CONVERSION = YES;
				CLANG_WARN_INFINITE_RECURSION = YES;
				CLANG_WARN_INT_CONVERSION = YES;
				CLANG_WARN_NON_LITERAL_NULL_CONVERSION = YES;
				CLANG_WARN_OBJC_IMPLICIT_RETAIN_SELF = YES;
				CLANG_WARN_OBJC_LITERAL_CONVERSION = YES;
				CLANG_WARN_OBJC_ROOT_CLASS = YES_ERROR;
				CLANG_WARN_RANGE_LOOP_ANALYSIS = YES;
				CLANG_WARN_STRICT_PROTOTYPES = YES;
				CLANG_WARN_SUSPICIOUS_MOVE = YES;
				CLANG_WARN_UNGUARDED_AVAILABILITY = YES_AGGRESSIVE;
				CLANG_WARN_UNREACHABLE_CODE = YES;
				CLANG_WARN__DUPLICATE_METHOD_MATCH = YES;
				COPY_PHASE_STRIP = NO;
				DEBUG_INFORMATION_FORMAT = dwarf;
				ENABLE_STRICT_OBJC_MSGSEND = YES;
				ENABLE_TESTABILITY = YES;
				GCC_C_LANGUAGE_STANDARD = gnu11;
				GCC_DYNAMIC_NO_PIC = NO;
				GCC_NO_COMMON_BLOCKS = YES;
				GCC_OPTIMIZATION_LEVEL = 0;
				GCC_PREPROCESSOR_DEFINITIONS = (
					"DEBUG=1",
					"$(inherited)",
				);
				GCC_WARN_64_TO_32_BIT_CONVERSION = YES;
				GCC_WARN_ABOUT_RETURN_TYPE = YES_ERROR;
				GCC_WARN_UNDECLARED_SELECTOR = YES;
				GCC_WARN_UNINITIALIZED_AUTOS = YES_AGGRESSIVE;
				GCC_WARN_UNUSED_FUNCTION = YES;
				GCC_WARN_UNUSED_VARIABLE = YES;
				IPHONEOS_DEPLOYMENT_TARGET = 13.2;
				MTL_ENABLE_DEBUG_INFO = INCLUDE_SOURCE;
				MTL_FAST_MATH = YES;
				ONLY_ACTIVE_ARCH = YES;
				SDKROOT = iphoneos;
				SWIFT_ACTIVE_COMPILATION_CONDITIONS = DEBUG;
				SWIFT_OPTIMIZATION_LEVEL = "-Onone";
			};
			name = Debug;
		};
		8781A5E0242326EB001FB465 /* Release */ = {
			isa = XCBuildConfiguration;
			buildSettings = {
				ALWAYS_SEARCH_USER_PATHS = NO;
				CLANG_ANALYZER_NONNULL = YES;
				CLANG_ANALYZER_NUMBER_OBJECT_CONVERSION = YES_AGGRESSIVE;
				CLANG_CXX_LANGUAGE_STANDARD = "gnu++14";
				CLANG_CXX_LIBRARY = "libc++";
				CLANG_ENABLE_MODULES = YES;
				CLANG_ENABLE_OBJC_ARC = YES;
				CLANG_ENABLE_OBJC_WEAK = YES;
				CLANG_WARN_BLOCK_CAPTURE_AUTORELEASING = YES;
				CLANG_WARN_BOOL_CONVERSION = YES;
				CLANG_WARN_COMMA = YES;
				CLANG_WARN_CONSTANT_CONVERSION = YES;
				CLANG_WARN_DEPRECATED_OBJC_IMPLEMENTATIONS = YES;
				CLANG_WARN_DIRECT_OBJC_ISA_USAGE = YES_ERROR;
				CLANG_WARN_DOCUMENTATION_COMMENTS = YES;
				CLANG_WARN_EMPTY_BODY = YES;
				CLANG_WARN_ENUM_CONVERSION = YES;
				CLANG_WARN_INFINITE_RECURSION = YES;
				CLANG_WARN_INT_CONVERSION = YES;
				CLANG_WARN_NON_LITERAL_NULL_CONVERSION = YES;
				CLANG_WARN_OBJC_IMPLICIT_RETAIN_SELF = YES;
				CLANG_WARN_OBJC_LITERAL_CONVERSION = YES;
				CLANG_WARN_OBJC_ROOT_CLASS = YES_ERROR;
				CLANG_WARN_RANGE_LOOP_ANALYSIS = YES;
				CLANG_WARN_STRICT_PROTOTYPES = YES;
				CLANG_WARN_SUSPICIOUS_MOVE = YES;
				CLANG_WARN_UNGUARDED_AVAILABILITY = YES_AGGRESSIVE;
				CLANG_WARN_UNREACHABLE_CODE = YES;
				CLANG_WARN__DUPLICATE_METHOD_MATCH = YES;
				COPY_PHASE_STRIP = NO;
				DEBUG_INFORMATION_FORMAT = "dwarf-with-dsym";
				ENABLE_NS_ASSERTIONS = NO;
				ENABLE_STRICT_OBJC_MSGSEND = YES;
				GCC_C_LANGUAGE_STANDARD = gnu11;
				GCC_NO_COMMON_BLOCKS = YES;
				GCC_WARN_64_TO_32_BIT_CONVERSION = YES;
				GCC_WARN_ABOUT_RETURN_TYPE = YES_ERROR;
				GCC_WARN_UNDECLARED_SELECTOR = YES;
				GCC_WARN_UNINITIALIZED_AUTOS = YES_AGGRESSIVE;
				GCC_WARN_UNUSED_FUNCTION = YES;
				GCC_WARN_UNUSED_VARIABLE = YES;
				IPHONEOS_DEPLOYMENT_TARGET = 13.2;
				MTL_ENABLE_DEBUG_INFO = NO;
				MTL_FAST_MATH = YES;
				SDKROOT = iphoneos;
				SWIFT_COMPILATION_MODE = wholemodule;
				SWIFT_OPTIMIZATION_LEVEL = "-O";
				VALIDATE_PRODUCT = YES;
			};
			name = Release;
		};
		8781A5E2242326EB001FB465 /* Debug */ = {
			isa = XCBuildConfiguration;
			buildSettings = {
				ASSETCATALOG_COMPILER_APPICON_NAME = AppIcon;
				CODE_SIGN_STYLE = Automatic;
				DEVELOPMENT_TEAM = HHRBWJ46KD;
				INFOPLIST_FILE = GHFollovers/Info.plist;
				LD_RUNPATH_SEARCH_PATHS = (
					"$(inherited)",
					"@executable_path/Frameworks",
				);
				PRODUCT_BUNDLE_IDENTIFIER = com.djirroApps.GHFollovers;
				PRODUCT_NAME = "$(TARGET_NAME)";
				SWIFT_VERSION = 5.0;
				TARGETED_DEVICE_FAMILY = 1;
			};
			name = Debug;
		};
		8781A5E3242326EB001FB465 /* Release */ = {
			isa = XCBuildConfiguration;
			buildSettings = {
				ASSETCATALOG_COMPILER_APPICON_NAME = AppIcon;
				CODE_SIGN_STYLE = Automatic;
				DEVELOPMENT_TEAM = HHRBWJ46KD;
				INFOPLIST_FILE = GHFollovers/Info.plist;
				LD_RUNPATH_SEARCH_PATHS = (
					"$(inherited)",
					"@executable_path/Frameworks",
				);
				PRODUCT_BUNDLE_IDENTIFIER = com.djirroApps.GHFollovers;
				PRODUCT_NAME = "$(TARGET_NAME)";
				SWIFT_VERSION = 5.0;
				TARGETED_DEVICE_FAMILY = 1;
			};
			name = Release;
		};
/* End XCBuildConfiguration section */

/* Begin XCConfigurationList section */
		8781A5C8242326E4001FB465 /* Build configuration list for PBXProject "GHFollovers" */ = {
			isa = XCConfigurationList;
			buildConfigurations = (
				8781A5DF242326EB001FB465 /* Debug */,
				8781A5E0242326EB001FB465 /* Release */,
			);
			defaultConfigurationIsVisible = 0;
			defaultConfigurationName = Release;
		};
		8781A5E1242326EB001FB465 /* Build configuration list for PBXNativeTarget "GHFollovers" */ = {
			isa = XCConfigurationList;
			buildConfigurations = (
				8781A5E2242326EB001FB465 /* Debug */,
				8781A5E3242326EB001FB465 /* Release */,
			);
			defaultConfigurationIsVisible = 0;
			defaultConfigurationName = Release;
		};
/* End XCConfigurationList section */
	};
	rootObject = 8781A5C5242326E4001FB465 /* Project object */;
}
